{
  "name": "notification-preference-post",
  "version": "1.0.0",
  "lockfileVersion": 3,
  "requires": true,
  "packages": {
    "": {
      "name": "notification-preference-post",
      "version": "1.0.0",
      "dependencies": {
        "halson": "^3.2.0",
        "jsonschema": "^1.5.0"
      }
    },
    "node_modules/halson": {
      "version": "3.2.0",
      "resolved": "https://registry.npmjs.org/halson/-/halson-3.2.0.tgz",
      "integrity": "sha512-cjkY90IOLEV5LtNrQ6iYJZJ2740+rkVaGtXD6pdpOn+R6zvAybMLzK8qC6qxPqhmDTAtRVSd20O7p/DhXG0+DA==",
      "license": "MIT"
    },
    "node_modules/jsonschema": {
      "version": "1.5.0",
      "resolved": "https://registry.npmjs.org/jsonschema/-/jsonschema-1.5.0.tgz",
      "integrity": "sha512-K+A9hhqbn0f3pJX17Q/7H6yQfD/5OXgdrR5UE12gMXCiN9D5Xq2o5mddV2QEcX/bjla99ASsAAQUyMCCRWAEhw==",
      "license": "MIT",
      "engines": {
        "node": "*"
      }
    }
  }
}
